
Microsoft Visual Studio Solution File, Format Version 12.00
# Visual Studio Version 16
VisualStudioVersion = 16.0.29418.71
MinimumVisualStudioVersion = 10.0.40219.1
Project("{FAE04EC0-301F-11D3-BF4B-00C04F79EFBC}") = "FitLifter_API", "FitLifter_API\FitLifter_API.csproj", "{BD70FBF5-F575-4424-B15B-F3D59A66DDB6}"
EndProject
Global
	GlobalSection(SolutionConfigurationPlatforms) = preSolution
		Debug|Any CPU = Debug|Any CPU
		Release|Any CPU = Release|Any CPU
	EndGlobalSection
	GlobalSection(ProjectConfigurationPlatforms) = postSolution
		{BD70FBF5-F575-4424-B15B-F3D59A66DDB6}.Debug|Any CPU.ActiveCfg = Debug|Any CPU
		{BD70FBF5-F575-4424-B15B-F3D59A66DDB6}.Debug|Any CPU.Build.0 = Debug|Any CPU
		{BD70FBF5-F575-4424-B15B-F3D59A66DDB6}.Release|Any CPU.ActiveCfg = Release|Any CPU
		{BD70FBF5-F575-4424-B15B-F3D59A66DDB6}.Release|Any CPU.Build.0 = Release|Any CPU
	EndGlobalSection
	GlobalSection(SolutionProperties) = preSolution
		HideSolutionNode = FALSE
	EndGlobalSection
	GlobalSection(ExtensibilityGlobals) = postSolution
		SolutionGuid = {C0E118D0-3B86-4307-93E7-C9A6AF5665DD}
	EndGlobalSection
EndGlobal
